
Microsoft Visual Studio Solution File, Format Version 11.00
# Visual Studio 2010
Project("{FAE04EC0-301F-11D3-BF4B-00C04F79EFBC}") = "siyer", "Assembly-CSharp-firstpass.csproj", "{21C2234F-B1BD-BB32-EDCE-01476D40B541}"
EndProject
Project("{FAE04EC0-301F-11D3-BF4B-00C04F79EFBC}") = "siyer", "Assembly-CSharp.csproj", "{04A2FDB8-8FB3-1186-E9EA-2016C763BA99}"
EndProject
Project("{FAE04EC0-301F-11D3-BF4B-00C04F79EFBC}") = "siyer", "Assembly-CSharp-Editor-firstpass.csproj", "{C8DF8A5C-E69D-90DE-D4F5-F719381ABB4C}"
EndProject
Global
	GlobalSection(SolutionConfigurationPlatforms) = preSolution
		Debug|Any CPU = Debug|Any CPU
		Release|Any CPU = Release|Any CPU
	EndGlobalSection
	GlobalSection(ProjectConfigurationPlatforms) = postSolution
		{21C2234F-B1BD-BB32-EDCE-01476D40B541}.Debug|Any CPU.ActiveCfg = Debug|Any CPU
		{21C2234F-B1BD-BB32-EDCE-01476D40B541}.Debug|Any CPU.Build.0 = Debug|Any CPU
		{21C2234F-B1BD-BB32-EDCE-01476D40B541}.Release|Any CPU.ActiveCfg = Release|Any CPU
		{21C2234F-B1BD-BB32-EDCE-01476D40B541}.Release|Any CPU.Build.0 = Release|Any CPU
		{04A2FDB8-8FB3-1186-E9EA-2016C763BA99}.Debug|Any CPU.ActiveCfg = Debug|Any CPU
		{04A2FDB8-8FB3-1186-E9EA-2016C763BA99}.Debug|Any CPU.Build.0 = Debug|Any CPU
		{04A2FDB8-8FB3-1186-E9EA-2016C763BA99}.Release|Any CPU.ActiveCfg = Release|Any CPU
		{04A2FDB8-8FB3-1186-E9EA-2016C763BA99}.Release|Any CPU.Build.0 = Release|Any CPU
		{C8DF8A5C-E69D-90DE-D4F5-F719381ABB4C}.Debug|Any CPU.ActiveCfg = Debug|Any CPU
		{C8DF8A5C-E69D-90DE-D4F5-F719381ABB4C}.Debug|Any CPU.Build.0 = Debug|Any CPU
		{C8DF8A5C-E69D-90DE-D4F5-F719381ABB4C}.Release|Any CPU.ActiveCfg = Release|Any CPU
		{C8DF8A5C-E69D-90DE-D4F5-F719381ABB4C}.Release|Any CPU.Build.0 = Release|Any CPU
	EndGlobalSection
	GlobalSection(SolutionProperties) = preSolution
		HideSolutionNode = FALSE
	EndGlobalSection
	GlobalSection(MonoDevelopProperties) = preSolution
		StartupItem = Assembly-CSharp.csproj
	EndGlobalSection
EndGlobal
